
Microsoft Visual Studio Solution File, Format Version 12.00
# Visual Studio 2012
Project("{FAE04EC0-301F-11D3-BF4B-00C04F79EFBC}") = "UITableViewTest.Core", "UITableViewTest.Core\UITableViewTest.Core.csproj", "{5381250E-B954-4772-8CD0-1DED97CDE997}"
EndProject
Project("{FAE04EC0-301F-11D3-BF4B-00C04F79EFBC}") = "UITableViewTest.iOS", "UITableViewTest.iOS\UITableViewTest.iOS.csproj", "{604BBEF5-8D77-4BC1-8E0D-249A7F00DA60}"
EndProject
Global
	GlobalSection(SolutionConfigurationPlatforms) = preSolution
		Debug|Any CPU = Debug|Any CPU
		Release|Any CPU = Release|Any CPU
		Debug|iPhoneSimulator = Debug|iPhoneSimulator
		Release|iPhone = Release|iPhone
		Release|iPhoneSimulator = Release|iPhoneSimulator
		Debug|iPhone = Debug|iPhone
	EndGlobalSection
	GlobalSection(ProjectConfigurationPlatforms) = postSolution
		{5381250E-B954-4772-8CD0-1DED97CDE997}.Debug|Any CPU.ActiveCfg = Debug|Any CPU
		{5381250E-B954-4772-8CD0-1DED97CDE997}.Debug|Any CPU.Build.0 = Debug|Any CPU
		{5381250E-B954-4772-8CD0-1DED97CDE997}.Release|Any CPU.ActiveCfg = Release|Any CPU
		{5381250E-B954-4772-8CD0-1DED97CDE997}.Release|Any CPU.Build.0 = Release|Any CPU
		{5381250E-B954-4772-8CD0-1DED97CDE997}.Debug|iPhoneSimulator.ActiveCfg = Debug|Any CPU
		{5381250E-B954-4772-8CD0-1DED97CDE997}.Debug|iPhoneSimulator.Build.0 = Debug|Any CPU
		{5381250E-B954-4772-8CD0-1DED97CDE997}.Release|iPhone.ActiveCfg = Release|Any CPU
		{5381250E-B954-4772-8CD0-1DED97CDE997}.Release|iPhone.Build.0 = Release|Any CPU
		{5381250E-B954-4772-8CD0-1DED97CDE997}.Release|iPhoneSimulator.ActiveCfg = Release|Any CPU
		{5381250E-B954-4772-8CD0-1DED97CDE997}.Release|iPhoneSimulator.Build.0 = Release|Any CPU
		{5381250E-B954-4772-8CD0-1DED97CDE997}.Debug|iPhone.ActiveCfg = Debug|Any CPU
		{5381250E-B954-4772-8CD0-1DED97CDE997}.Debug|iPhone.Build.0 = Debug|Any CPU
		{604BBEF5-8D77-4BC1-8E0D-249A7F00DA60}.Debug|Any CPU.ActiveCfg = Debug|iPhoneSimulator
		{604BBEF5-8D77-4BC1-8E0D-249A7F00DA60}.Debug|Any CPU.Build.0 = Debug|iPhoneSimulator
		{604BBEF5-8D77-4BC1-8E0D-249A7F00DA60}.Release|Any CPU.ActiveCfg = Release|iPhone
		{604BBEF5-8D77-4BC1-8E0D-249A7F00DA60}.Release|Any CPU.Build.0 = Release|iPhone
		{604BBEF5-8D77-4BC1-8E0D-249A7F00DA60}.Debug|iPhoneSimulator.ActiveCfg = Debug|iPhoneSimulator
		{604BBEF5-8D77-4BC1-8E0D-249A7F00DA60}.Debug|iPhoneSimulator.Build.0 = Debug|iPhoneSimulator
		{604BBEF5-8D77-4BC1-8E0D-249A7F00DA60}.Release|iPhone.ActiveCfg = Release|iPhone
		{604BBEF5-8D77-4BC1-8E0D-249A7F00DA60}.Release|iPhone.Build.0 = Release|iPhone
		{604BBEF5-8D77-4BC1-8E0D-249A7F00DA60}.Release|iPhoneSimulator.ActiveCfg = Release|iPhoneSimulator
		{604BBEF5-8D77-4BC1-8E0D-249A7F00DA60}.Release|iPhoneSimulator.Build.0 = Release|iPhoneSimulator
		{604BBEF5-8D77-4BC1-8E0D-249A7F00DA60}.Debug|iPhone.ActiveCfg = Debug|iPhone
		{604BBEF5-8D77-4BC1-8E0D-249A7F00DA60}.Debug|iPhone.Build.0 = Debug|iPhone
	EndGlobalSection
EndGlobal
